
Microsoft Visual Studio Solution File, Format Version 12.00
# Visual Studio Version 16
VisualStudioVersion = 16.0.30114.105
MinimumVisualStudioVersion = 10.0.40219.1
Project("{FAE04EC0-301F-11D3-BF4B-00C04F79EFBC}") = "KGLAB6", "KGLAB6\KGLAB6.csproj", "{C279EAD9-CADA-41E0-9B48-5D788F69C7B2}"
EndProject
Global
	GlobalSection(SolutionConfigurationPlatforms) = preSolution
		Debug|Any CPU = Debug|Any CPU
		Release|Any CPU = Release|Any CPU
	EndGlobalSection
	GlobalSection(ProjectConfigurationPlatforms) = postSolution
		{C279EAD9-CADA-41E0-9B48-5D788F69C7B2}.Debug|Any CPU.ActiveCfg = Debug|Any CPU
		{C279EAD9-CADA-41E0-9B48-5D788F69C7B2}.Debug|Any CPU.Build.0 = Debug|Any CPU
		{C279EAD9-CADA-41E0-9B48-5D788F69C7B2}.Release|Any CPU.ActiveCfg = Release|Any CPU
		{C279EAD9-CADA-41E0-9B48-5D788F69C7B2}.Release|Any CPU.Build.0 = Release|Any CPU
	EndGlobalSection
	GlobalSection(SolutionProperties) = preSolution
		HideSolutionNode = FALSE
	EndGlobalSection
	GlobalSection(ExtensibilityGlobals) = postSolution
		SolutionGuid = {8B382A86-3EF2-4700-B088-E372542876FE}
	EndGlobalSection
EndGlobal
