
Microsoft Visual Studio Solution File, Format Version 12.00
# Visual Studio Version 16
VisualStudioVersion = 16.0.30503.244
MinimumVisualStudioVersion = 10.0.40219.1
Project("{FAE04EC0-301F-11D3-BF4B-00C04F79EFBC}") = "SPO_lab3_1_Ostapenko", "SPO_lab3_1_Ostapenko\SPO_lab3_1_Ostapenko.csproj", "{0E3B8E67-C7A4-40FF-89B8-D8F8D827095D}"
EndProject
Project("{FAE04EC0-301F-11D3-BF4B-00C04F79EFBC}") = "SPO_lab3_2_Ostapenko", "SPO_lab3_2_Ostapenko\SPO_lab3_2_Ostapenko.csproj", "{A05AA40F-E8C3-42B0-A0BB-62B5492133CA}"
EndProject
Global
	GlobalSection(SolutionConfigurationPlatforms) = preSolution
		Debug|Any CPU = Debug|Any CPU
		Release|Any CPU = Release|Any CPU
	EndGlobalSection
	GlobalSection(ProjectConfigurationPlatforms) = postSolution
		{0E3B8E67-C7A4-40FF-89B8-D8F8D827095D}.Debug|Any CPU.ActiveCfg = Debug|Any CPU
		{0E3B8E67-C7A4-40FF-89B8-D8F8D827095D}.Debug|Any CPU.Build.0 = Debug|Any CPU
		{0E3B8E67-C7A4-40FF-89B8-D8F8D827095D}.Release|Any CPU.ActiveCfg = Release|Any CPU
		{0E3B8E67-C7A4-40FF-89B8-D8F8D827095D}.Release|Any CPU.Build.0 = Release|Any CPU
		{A05AA40F-E8C3-42B0-A0BB-62B5492133CA}.Debug|Any CPU.ActiveCfg = Debug|Any CPU
		{A05AA40F-E8C3-42B0-A0BB-62B5492133CA}.Debug|Any CPU.Build.0 = Debug|Any CPU
		{A05AA40F-E8C3-42B0-A0BB-62B5492133CA}.Release|Any CPU.ActiveCfg = Release|Any CPU
		{A05AA40F-E8C3-42B0-A0BB-62B5492133CA}.Release|Any CPU.Build.0 = Release|Any CPU
	EndGlobalSection
	GlobalSection(SolutionProperties) = preSolution
		HideSolutionNode = FALSE
	EndGlobalSection
	GlobalSection(ExtensibilityGlobals) = postSolution
		SolutionGuid = {9A34E818-9B14-4CAF-B132-7C8324D74ED9}
	EndGlobalSection
EndGlobal
