
Microsoft Visual Studio Solution File, Format Version 12.00
# Visual Studio 15
VisualStudioVersion = 15.0.28307.1169
MinimumVisualStudioVersion = 10.0.40219.1
Project("{FAE04EC0-301F-11D3-BF4B-00C04F79EFBC}") = "lab4", "lab4\lab4.csproj", "{97AC65A2-1422-4546-8625-150BB8910647}"
EndProject
Project("{FAE04EC0-301F-11D3-BF4B-00C04F79EFBC}") = "lab4_2", "lab4_2\lab4_2.csproj", "{B65889A9-431B-475E-BE49-BE39CB55A774}"
EndProject
Project("{FAE04EC0-301F-11D3-BF4B-00C04F79EFBC}") = "lab4_3", "lab4_3\lab4_3.csproj", "{29689144-CBD7-4150-9996-96A135B894E6}"
EndProject
Global
	GlobalSection(SolutionConfigurationPlatforms) = preSolution
		Debug|Any CPU = Debug|Any CPU
		Release|Any CPU = Release|Any CPU
	EndGlobalSection
	GlobalSection(ProjectConfigurationPlatforms) = postSolution
		{97AC65A2-1422-4546-8625-150BB8910647}.Debug|Any CPU.ActiveCfg = Debug|Any CPU
		{97AC65A2-1422-4546-8625-150BB8910647}.Debug|Any CPU.Build.0 = Debug|Any CPU
		{97AC65A2-1422-4546-8625-150BB8910647}.Release|Any CPU.ActiveCfg = Release|Any CPU
		{97AC65A2-1422-4546-8625-150BB8910647}.Release|Any CPU.Build.0 = Release|Any CPU
		{B65889A9-431B-475E-BE49-BE39CB55A774}.Debug|Any CPU.ActiveCfg = Debug|Any CPU
		{B65889A9-431B-475E-BE49-BE39CB55A774}.Debug|Any CPU.Build.0 = Debug|Any CPU
		{B65889A9-431B-475E-BE49-BE39CB55A774}.Release|Any CPU.ActiveCfg = Release|Any CPU
		{B65889A9-431B-475E-BE49-BE39CB55A774}.Release|Any CPU.Build.0 = Release|Any CPU
		{29689144-CBD7-4150-9996-96A135B894E6}.Debug|Any CPU.ActiveCfg = Debug|Any CPU
		{29689144-CBD7-4150-9996-96A135B894E6}.Debug|Any CPU.Build.0 = Debug|Any CPU
		{29689144-CBD7-4150-9996-96A135B894E6}.Release|Any CPU.ActiveCfg = Release|Any CPU
		{29689144-CBD7-4150-9996-96A135B894E6}.Release|Any CPU.Build.0 = Release|Any CPU
	EndGlobalSection
	GlobalSection(SolutionProperties) = preSolution
		HideSolutionNode = FALSE
	EndGlobalSection
	GlobalSection(ExtensibilityGlobals) = postSolution
		SolutionGuid = {C7B086C9-62C0-4000-952C-83D6443CEEA8}
	EndGlobalSection
EndGlobal
