
Microsoft Visual Studio Solution File, Format Version 12.00
# Visual Studio Version 16
VisualStudioVersion = 16.0.30114.105
MinimumVisualStudioVersion = 10.0.40219.1
Project("{FAE04EC0-301F-11D3-BF4B-00C04F79EFBC}") = "Lab3", "Lab3\Lab3.csproj", "{AEE604F9-CCBF-4985-8896-FAFBF1F66F8E}"
EndProject
Global
	GlobalSection(SolutionConfigurationPlatforms) = preSolution
		Debug|Any CPU = Debug|Any CPU
		Release|Any CPU = Release|Any CPU
	EndGlobalSection
	GlobalSection(ProjectConfigurationPlatforms) = postSolution
		{AEE604F9-CCBF-4985-8896-FAFBF1F66F8E}.Debug|Any CPU.ActiveCfg = Debug|Any CPU
		{AEE604F9-CCBF-4985-8896-FAFBF1F66F8E}.Debug|Any CPU.Build.0 = Debug|Any CPU
		{AEE604F9-CCBF-4985-8896-FAFBF1F66F8E}.Release|Any CPU.ActiveCfg = Release|Any CPU
		{AEE604F9-CCBF-4985-8896-FAFBF1F66F8E}.Release|Any CPU.Build.0 = Release|Any CPU
	EndGlobalSection
	GlobalSection(SolutionProperties) = preSolution
		HideSolutionNode = FALSE
	EndGlobalSection
	GlobalSection(ExtensibilityGlobals) = postSolution
		SolutionGuid = {2131D4ED-7678-4EFD-BCC9-65C9FE91DC40}
	EndGlobalSection
EndGlobal
