
Microsoft Visual Studio Solution File, Format Version 12.00
# Visual Studio Version 16
VisualStudioVersion = 16.0.30114.105
MinimumVisualStudioVersion = 10.0.40219.1
Project("{FAE04EC0-301F-11D3-BF4B-00C04F79EFBC}") = "KGLab10", "KGLab10\KGLab10.csproj", "{C855B6E3-776D-4776-ABA1-9110B89FC4C5}"
EndProject
Global
	GlobalSection(SolutionConfigurationPlatforms) = preSolution
		Debug|Any CPU = Debug|Any CPU
		Release|Any CPU = Release|Any CPU
	EndGlobalSection
	GlobalSection(ProjectConfigurationPlatforms) = postSolution
		{C855B6E3-776D-4776-ABA1-9110B89FC4C5}.Debug|Any CPU.ActiveCfg = Debug|Any CPU
		{C855B6E3-776D-4776-ABA1-9110B89FC4C5}.Debug|Any CPU.Build.0 = Debug|Any CPU
		{C855B6E3-776D-4776-ABA1-9110B89FC4C5}.Release|Any CPU.ActiveCfg = Release|Any CPU
		{C855B6E3-776D-4776-ABA1-9110B89FC4C5}.Release|Any CPU.Build.0 = Release|Any CPU
	EndGlobalSection
	GlobalSection(SolutionProperties) = preSolution
		HideSolutionNode = FALSE
	EndGlobalSection
	GlobalSection(ExtensibilityGlobals) = postSolution
		SolutionGuid = {8B4474F9-AD7E-4209-B47E-CFC435F3E94D}
	EndGlobalSection
EndGlobal
