
Microsoft Visual Studio Solution File, Format Version 12.00
# Visual Studio Version 16
VisualStudioVersion = 16.0.30114.105
MinimumVisualStudioVersion = 10.0.40219.1
Project("{FAE04EC0-301F-11D3-BF4B-00C04F79EFBC}") = "lab9", "lab9\lab9.csproj", "{06CC32DE-F413-40C2-8A24-DDA559CC4907}"
EndProject
Global
	GlobalSection(SolutionConfigurationPlatforms) = preSolution
		Debug|Any CPU = Debug|Any CPU
		Release|Any CPU = Release|Any CPU
	EndGlobalSection
	GlobalSection(ProjectConfigurationPlatforms) = postSolution
		{06CC32DE-F413-40C2-8A24-DDA559CC4907}.Debug|Any CPU.ActiveCfg = Debug|Any CPU
		{06CC32DE-F413-40C2-8A24-DDA559CC4907}.Debug|Any CPU.Build.0 = Debug|Any CPU
		{06CC32DE-F413-40C2-8A24-DDA559CC4907}.Release|Any CPU.ActiveCfg = Release|Any CPU
		{06CC32DE-F413-40C2-8A24-DDA559CC4907}.Release|Any CPU.Build.0 = Release|Any CPU
	EndGlobalSection
	GlobalSection(SolutionProperties) = preSolution
		HideSolutionNode = FALSE
	EndGlobalSection
	GlobalSection(ExtensibilityGlobals) = postSolution
		SolutionGuid = {CDBCCD52-01CC-4F35-B5EB-CE95E9091152}
	EndGlobalSection
EndGlobal
