
Microsoft Visual Studio Solution File, Format Version 12.00
# Visual Studio Version 16
VisualStudioVersion = 16.0.30320.27
MinimumVisualStudioVersion = 10.0.40219.1
Project("{FAE04EC0-301F-11D3-BF4B-00C04F79EFBC}") = "CG_lab2_Ostapenko", "CG_lab2_Ostapenko\CG_lab2_Ostapenko.csproj", "{65589C22-0817-455A-912A-16DD35A7FC9C}"
EndProject
Global
	GlobalSection(SolutionConfigurationPlatforms) = preSolution
		Debug|Any CPU = Debug|Any CPU
		Release|Any CPU = Release|Any CPU
	EndGlobalSection
	GlobalSection(ProjectConfigurationPlatforms) = postSolution
		{65589C22-0817-455A-912A-16DD35A7FC9C}.Debug|Any CPU.ActiveCfg = Debug|Any CPU
		{65589C22-0817-455A-912A-16DD35A7FC9C}.Debug|Any CPU.Build.0 = Debug|Any CPU
		{65589C22-0817-455A-912A-16DD35A7FC9C}.Release|Any CPU.ActiveCfg = Release|Any CPU
		{65589C22-0817-455A-912A-16DD35A7FC9C}.Release|Any CPU.Build.0 = Release|Any CPU
	EndGlobalSection
	GlobalSection(SolutionProperties) = preSolution
		HideSolutionNode = FALSE
	EndGlobalSection
	GlobalSection(ExtensibilityGlobals) = postSolution
		SolutionGuid = {2E5C9397-C9A1-4E84-AC52-F52AC181F1AD}
	EndGlobalSection
EndGlobal
