
Microsoft Visual Studio Solution File, Format Version 12.00
# Visual Studio Version 16
VisualStudioVersion = 16.0.30320.27
MinimumVisualStudioVersion = 10.0.40219.1
Project("{FAE04EC0-301F-11D3-BF4B-00C04F79EFBC}") = "SPO_lab2_3_Ostapenko", "SPO_lab2_3_Ostapenko\SPO_lab2_3_Ostapenko.csproj", "{CC8CB281-9E42-4B58-8153-0CEC36E1AABE}"
EndProject
Global
	GlobalSection(SolutionConfigurationPlatforms) = preSolution
		Debug|Any CPU = Debug|Any CPU
		Release|Any CPU = Release|Any CPU
	EndGlobalSection
	GlobalSection(ProjectConfigurationPlatforms) = postSolution
		{CC8CB281-9E42-4B58-8153-0CEC36E1AABE}.Debug|Any CPU.ActiveCfg = Debug|Any CPU
		{CC8CB281-9E42-4B58-8153-0CEC36E1AABE}.Debug|Any CPU.Build.0 = Debug|Any CPU
		{CC8CB281-9E42-4B58-8153-0CEC36E1AABE}.Release|Any CPU.ActiveCfg = Release|Any CPU
		{CC8CB281-9E42-4B58-8153-0CEC36E1AABE}.Release|Any CPU.Build.0 = Release|Any CPU
	EndGlobalSection
	GlobalSection(SolutionProperties) = preSolution
		HideSolutionNode = FALSE
	EndGlobalSection
	GlobalSection(ExtensibilityGlobals) = postSolution
		SolutionGuid = {82C0FF27-E9BE-4F1E-AD02-9F5B585FFAB3}
	EndGlobalSection
EndGlobal
