
Microsoft Visual Studio Solution File, Format Version 12.00
# Visual Studio Version 16
VisualStudioVersion = 16.0.30804.86
MinimumVisualStudioVersion = 10.0.40219.1
Project("{FAE04EC0-301F-11D3-BF4B-00C04F79EFBC}") = "BBD_lab6_Ostapenko_DB_script.Client", "BBD_lab6_Ostapenko_DB_script.Client\BBD_lab6_Ostapenko_DB_script.Client.csproj", "{FEFE0F50-5B9D-47A6-A68A-39BD8C9A92F1}"
EndProject
Global
	GlobalSection(SolutionConfigurationPlatforms) = preSolution
		Debug|Any CPU = Debug|Any CPU
		Release|Any CPU = Release|Any CPU
	EndGlobalSection
	GlobalSection(ProjectConfigurationPlatforms) = postSolution
		{FEFE0F50-5B9D-47A6-A68A-39BD8C9A92F1}.Debug|Any CPU.ActiveCfg = Debug|Any CPU
		{FEFE0F50-5B9D-47A6-A68A-39BD8C9A92F1}.Debug|Any CPU.Build.0 = Debug|Any CPU
		{FEFE0F50-5B9D-47A6-A68A-39BD8C9A92F1}.Release|Any CPU.ActiveCfg = Release|Any CPU
		{FEFE0F50-5B9D-47A6-A68A-39BD8C9A92F1}.Release|Any CPU.Build.0 = Release|Any CPU
	EndGlobalSection
	GlobalSection(SolutionProperties) = preSolution
		HideSolutionNode = FALSE
	EndGlobalSection
	GlobalSection(ExtensibilityGlobals) = postSolution
		SolutionGuid = {09128E50-313B-425A-9F41-E06F7F7BCF39}
	EndGlobalSection
EndGlobal
