
Microsoft Visual Studio Solution File, Format Version 12.00
Project("{FAE04EC0-301F-11D3-BF4B-00C04F79EFBC}") = "Lab4", "Lab4\Lab4.csproj", "{FC3D578A-B2C7-452A-86C2-751339A4210A}"
EndProject
Project("{FAE04EC0-301F-11D3-BF4B-00C04F79EFBC}") = "Lab4.Client", "Lab4.Client\Lab4.Client.csproj", "{17C6A78A-7ED3-4390-8633-76E5CE1E6278}"
EndProject
Global
	GlobalSection(SolutionConfigurationPlatforms) = preSolution
		Debug|Any CPU = Debug|Any CPU
		Release|Any CPU = Release|Any CPU
	EndGlobalSection
	GlobalSection(ProjectConfigurationPlatforms) = postSolution
		{FC3D578A-B2C7-452A-86C2-751339A4210A}.Debug|Any CPU.ActiveCfg = Debug|Any CPU
		{FC3D578A-B2C7-452A-86C2-751339A4210A}.Debug|Any CPU.Build.0 = Debug|Any CPU
		{FC3D578A-B2C7-452A-86C2-751339A4210A}.Release|Any CPU.ActiveCfg = Release|Any CPU
		{FC3D578A-B2C7-452A-86C2-751339A4210A}.Release|Any CPU.Build.0 = Release|Any CPU
		{17C6A78A-7ED3-4390-8633-76E5CE1E6278}.Debug|Any CPU.ActiveCfg = Debug|Any CPU
		{17C6A78A-7ED3-4390-8633-76E5CE1E6278}.Debug|Any CPU.Build.0 = Debug|Any CPU
		{17C6A78A-7ED3-4390-8633-76E5CE1E6278}.Release|Any CPU.ActiveCfg = Release|Any CPU
		{17C6A78A-7ED3-4390-8633-76E5CE1E6278}.Release|Any CPU.Build.0 = Release|Any CPU
	EndGlobalSection
EndGlobal
