
Microsoft Visual Studio Solution File, Format Version 12.00
# Visual Studio Version 16
VisualStudioVersion = 16.0.31005.135
MinimumVisualStudioVersion = 10.0.40219.1
Project("{FAE04EC0-301F-11D3-BF4B-00C04F79EFBC}") = "SSP_lab3_2", "SSP_lab3_2\SSP_lab3_2.csproj", "{079DA675-B5AB-4EAD-81A6-1103B076835E}"
EndProject
Global
	GlobalSection(SolutionConfigurationPlatforms) = preSolution
		Debug|Any CPU = Debug|Any CPU
		Release|Any CPU = Release|Any CPU
	EndGlobalSection
	GlobalSection(ProjectConfigurationPlatforms) = postSolution
		{079DA675-B5AB-4EAD-81A6-1103B076835E}.Debug|Any CPU.ActiveCfg = Debug|Any CPU
		{079DA675-B5AB-4EAD-81A6-1103B076835E}.Debug|Any CPU.Build.0 = Debug|Any CPU
		{079DA675-B5AB-4EAD-81A6-1103B076835E}.Release|Any CPU.ActiveCfg = Release|Any CPU
		{079DA675-B5AB-4EAD-81A6-1103B076835E}.Release|Any CPU.Build.0 = Release|Any CPU
	EndGlobalSection
	GlobalSection(SolutionProperties) = preSolution
		HideSolutionNode = FALSE
	EndGlobalSection
	GlobalSection(ExtensibilityGlobals) = postSolution
		SolutionGuid = {1853D278-E282-498E-93C6-C6A3F7A61794}
	EndGlobalSection
EndGlobal
